<?xml version="1.0" encoding="utf-8"?>
<Project ToolsVersion="4.0" xmlns="http://schemas.microsoft.com/developer/msbuild/2003">
  <ItemGroup>
    <Filter Include="1 Source Files">
      <UniqueIdentifier>{4FC737F1-C7A5-4376-A066-2A32D752A2FF}</UniqueIdentifier>
      <Extensions>cpp;c;cc;cxx;def;odl;idl;hpj;bat;asm;asmx</Extensions>
    </Filter>
    <Filter Include="2 Header Files">
      <UniqueIdentifier>{93995380-89BD-4b04-88EB-625FBE52EBFB}</UniqueIdentifier>
      <Extensions>h;hh;hpp;hxx;hm;inl;inc;xsd</Extensions>
    </Filter>
    <Filter Include="3 Shaders">
      <UniqueIdentifier>{e47eadb0-b337-4698-93c5-cf11dda39fcf}</UniqueIdentifier>
    </Filter>
    <Filter Include="4 Resource Files">
      <UniqueIdentifier>{67DA6AB6-F800-4c08-8B7A-83BB121AAD01}</UniqueIdentifier>
      <Extensions>rc;ico;cur;bmp;dlg;rc2;rct;bin;rgs;gif;jpg;jpeg;jpe;resx;tiff;tif;png;wav;mfcribbon-ms</Extensions>
      <ParseFiles>true</ParseFiles>
    </Filter>
    <Filter Include="5 External Utils">
      <UniqueIdentifier>{95e75c55-cbbe-4355-91be-983ac5b521e8}</UniqueIdentifier>
    </Filter>
  </ItemGroup>
  <ItemGroup>
    <None Include="fragment_shader.frag">
      <Filter>3 Shaders</Filter>
    </None>
    <None Include="vertex_shader.vert">
      <Filter>3 Shaders</Filter>
    </None>
  </ItemGroup>
  <ItemGroup>
    <ClCompile Include="gCamera.cpp">
      <Filter>5 External Utils</Filter>
    </ClCompile>
    <ClCompile Include="gShaderProgram.cpp">
      <Filter>5 External Utils</Filter>
    </ClCompile>
    <ClCompile Include="gVertexBuffer.cpp">
      <Filter>5 External Utils</Filter>
    </ClCompile>
    <ClCompile Include="Mesh_OGL3.cpp">
      <Filter>5 External Utils</Filter>
    </ClCompile>
    <ClCompile Include="ObjParser_OGL3.cpp">
      <Filter>5 External Utils</Filter>
    </ClCompile>
    <ClCompile Include="main.cpp">
      <Filter>1 Source Files</Filter>
    </ClCompile>
    <ClCompile Include="ApplicationInitialize.cpp">
      <Filter>1 Source Files</Filter>
    </ClCompile>
    <ClCompile Include="ApplicationUpdate.cpp">
      <Filter>1 Source Files</Filter>
    </ClCompile>
    <ClCompile Include="ApplicationClean.cpp">
      <Filter>1 Source Files</Filter>
    </ClCompile>
    <ClCompile Include="ApplicationRender.cpp">
      <Filter>1 Source Files</Filter>
    </ClCompile>
    <ClCompile Include="ApplicationEvents.cpp">
      <Filter>1 Source Files</Filter>
    </ClCompile>
    <ClCompile Include="config.h">
      <Filter>2 Header Files</Filter>
    </ClCompile>
    <ClCompile Include="Field.cpp">
      <Filter>1 Source Files</Filter>
    </ClCompile>
  </ItemGroup>
  <ItemGroup>
    <ClInclude Include="gCamera.h">
      <Filter>5 External Utils</Filter>
    </ClInclude>
    <ClInclude Include="GLUtils.hpp">
      <Filter>5 External Utils</Filter>
    </ClInclude>
    <ClInclude Include="gShaderProgram.h">
      <Filter>5 External Utils</Filter>
    </ClInclude>
    <ClInclude Include="gVertexBuffer.h">
      <Filter>5 External Utils</Filter>
    </ClInclude>
    <ClInclude Include="Mesh_OGL3.h">
      <Filter>5 External Utils</Filter>
    </ClInclude>
    <ClInclude Include="ObjParser_OGL3.h">
      <Filter>5 External Utils</Filter>
    </ClInclude>
    <ClInclude Include="Application.h">
      <Filter>2 Header Files</Filter>
    </ClInclude>
    <ClInclude Include="Field.h">
      <Filter>2 Header Files</Filter>
    </ClInclude>
  </ItemGroup>
  <ItemGroup>
    <Object Include="Suzanne.obj">
      <Filter>4 Resource Files</Filter>
    </Object>
  </ItemGroup>
  <ItemGroup>
    <Image Include="texture_grass.jpg">
      <Filter>4 Resource Files</Filter>
    </Image>
    <Image Include="texture_wall.jpg">
      <Filter>4 Resource Files</Filter>
    </Image>
  </ItemGroup>
</Project>