<?xml version="1.0" encoding="utf-8"?>
<Project ToolsVersion="4.0" xmlns="http://schemas.microsoft.com/developer/msbuild/2003">
  <ItemGroup>
    <Filter Include="Header Files">
      <UniqueIdentifier>{93995380-89BD-4b04-88EB-625FBE52EBFB}</UniqueIdentifier>
      <Extensions>h;hh;hpp;hxx;hm;inl;inc;xsd</Extensions>
    </Filter>
    <Filter Include="Resource Files">
      <UniqueIdentifier>{67DA6AB6-F800-4c08-8B7A-83BB121AAD01}</UniqueIdentifier>
      <Extensions>rc;ico;cur;bmp;dlg;rc2;rct;bin;rgs;gif;jpg;jpeg;jpe;resx;tiff;tif;png;wav;mfcribbon-ms</Extensions>
    </Filter>
    <Filter Include="Shaders">
      <UniqueIdentifier>{e47eadb0-b337-4698-93c5-cf11dda39fcf}</UniqueIdentifier>
    </Filter>
    <Filter Include="Utils">
      <UniqueIdentifier>{95e75c55-cbbe-4355-91be-983ac5b521e8}</UniqueIdentifier>
    </Filter>
    <Filter Include="Source Files">
      <UniqueIdentifier>{4FC737F1-C7A5-4376-A066-2A32D752A2FF}</UniqueIdentifier>
      <Extensions>cpp;c;cc;cxx;def;odl;idl;hpj;bat;asm;asmx</Extensions>
    </Filter>
  </ItemGroup>
  <ItemGroup>
    <None Include="dirLight.frag">
      <Filter>Shaders</Filter>
    </None>
    <None Include="dirLight.vert">
      <Filter>Shaders</Filter>
    </None>
  </ItemGroup>
  <ItemGroup>
    <ClCompile Include="gCamera.cpp">
      <Filter>Utils</Filter>
    </ClCompile>
    <ClCompile Include="gShaderProgram.cpp">
      <Filter>Utils</Filter>
    </ClCompile>
    <ClCompile Include="gVertexBuffer.cpp">
      <Filter>Utils</Filter>
    </ClCompile>
    <ClCompile Include="Mesh_OGL3.cpp">
      <Filter>Utils</Filter>
    </ClCompile>
    <ClCompile Include="ObjParser_OGL3.cpp">
      <Filter>Utils</Filter>
    </ClCompile>
    <ClCompile Include="main.cpp">
      <Filter>Source Files</Filter>
    </ClCompile>
    <ClCompile Include="MyApp.cpp">
      <Filter>Source Files</Filter>
    </ClCompile>
  </ItemGroup>
  <ItemGroup>
    <ClInclude Include="gCamera.h">
      <Filter>Utils</Filter>
    </ClInclude>
    <ClInclude Include="GLUtils.hpp">
      <Filter>Utils</Filter>
    </ClInclude>
    <ClInclude Include="gShaderProgram.h">
      <Filter>Utils</Filter>
    </ClInclude>
    <ClInclude Include="gVertexBuffer.h">
      <Filter>Utils</Filter>
    </ClInclude>
    <ClInclude Include="Mesh_OGL3.h">
      <Filter>Utils</Filter>
    </ClInclude>
    <ClInclude Include="ObjParser_OGL3.h">
      <Filter>Utils</Filter>
    </ClInclude>
    <ClInclude Include="MyApp.h">
      <Filter>Header Files</Filter>
    </ClInclude>
  </ItemGroup>
</Project>